
Microsoft Visual Studio Solution File, Format Version 12.00
# Visual Studio Version 16
VisualStudioVersion = 16.0.30413.136
MinimumVisualStudioVersion = 10.0.40219.1
Project("{FAE04EC0-301F-11D3-BF4B-00C04F79EFBC}") = "TaskManagerCore", "TaskManagerCore\TaskManagerCore.csproj", "{D0C1F936-DED8-4E95-A65B-4CFEDEBB6190}"
EndProject
Project("{FAE04EC0-301F-11D3-BF4B-00C04F79EFBC}") = "TaskManagerWebAPI", "TaskManagerWebAPI\TaskManagerWebAPI.csproj", "{B1685A42-907C-48AB-942D-E67E10DCBBCE}"
EndProject
Global
	GlobalSection(SolutionConfigurationPlatforms) = preSolution
		Debug|Any CPU = Debug|Any CPU
		Release|Any CPU = Release|Any CPU
	EndGlobalSection
	GlobalSection(ProjectConfigurationPlatforms) = postSolution
		{D0C1F936-DED8-4E95-A65B-4CFEDEBB6190}.Debug|Any CPU.ActiveCfg = Debug|Any CPU
		{D0C1F936-DED8-4E95-A65B-4CFEDEBB6190}.Debug|Any CPU.Build.0 = Debug|Any CPU
		{D0C1F936-DED8-4E95-A65B-4CFEDEBB6190}.Release|Any CPU.ActiveCfg = Release|Any CPU
		{D0C1F936-DED8-4E95-A65B-4CFEDEBB6190}.Release|Any CPU.Build.0 = Release|Any CPU
		{B1685A42-907C-48AB-942D-E67E10DCBBCE}.Debug|Any CPU.ActiveCfg = Debug|Any CPU
		{B1685A42-907C-48AB-942D-E67E10DCBBCE}.Debug|Any CPU.Build.0 = Debug|Any CPU
		{B1685A42-907C-48AB-942D-E67E10DCBBCE}.Release|Any CPU.ActiveCfg = Release|Any CPU
		{B1685A42-907C-48AB-942D-E67E10DCBBCE}.Release|Any CPU.Build.0 = Release|Any CPU
	EndGlobalSection
	GlobalSection(SolutionProperties) = preSolution
		HideSolutionNode = FALSE
	EndGlobalSection
	GlobalSection(ExtensibilityGlobals) = postSolution
		SolutionGuid = {2D36D7A2-3541-438F-93DE-6408525429A2}
	EndGlobalSection
EndGlobal
